<?xml version="1.0" encoding="utf-8"?>
<Project ToolsVersion="4.0" xmlns="http://schemas.microsoft.com/developer/msbuild/2003">
  <ItemGroup>
    <ClCompile Include="main.cpp" />
    <ClCompile Include="Player.cpp">
      <Filter>Player</Filter>
    </ClCompile>
    <ClCompile Include="Monster.cpp">
      <Filter>Monster</Filter>
    </ClCompile>
    <ClCompile Include="Component.cpp">
      <Filter>Component</Filter>
    </ClCompile>
    <ClCompile Include="test_main.cpp" />
    <ClCompile Include="LevelComponent.cpp">
      <Filter>Component</Filter>
    </ClCompile>
    <ClCompile Include="Goblin.cpp" />
    <ClCompile Include="Orc.cpp" />
    <ClCompile Include="Slime.cpp" />
    <ClCompile Include="Troll.cpp" />
    <ClCompile Include="Inventory.cpp">
      <Filter>Item</Filter>
    </ClCompile>
  </ItemGroup>
  <ItemGroup>
    <ClInclude Include="Player.h">
      <Filter>Player</Filter>
    </ClInclude>
    <ClInclude Include="Monster.h">
      <Filter>Monster</Filter>
    </ClInclude>
    <ClInclude Include="Component.h">
      <Filter>Component</Filter>
    </ClInclude>
    <ClInclude Include="ItemData.h">
      <Filter>Struct</Filter>
    </ClInclude>
    <ClInclude Include="Define.h" />
    <ClInclude Include="pch.h" />
    <ClInclude Include="Item.h">
      <Filter>Item</Filter>
    </ClInclude>
    <ClInclude Include="Vector.h" />
    <ClInclude Include="LevelComponent.h">
      <Filter>Component</Filter>
    </ClInclude>
    <ClInclude Include="Goblin.h" />
    <ClInclude Include="Orc.h" />
    <ClInclude Include="Slime.h" />
    <ClInclude Include="Troll.h" />
    <ClInclude Include="Inventory.h">
      <Filter>Item</Filter>
    </ClInclude>
    <ClInclude Include="ItemTypeEnum.h">
      <Filter>Enum</Filter>
    </ClInclude>
    <ClInclude Include="HP_Potion.h">
      <Filter>Item\ItemList</Filter>
    </ClInclude>
    <ClInclude Include="MP_Potion.h">
      <Filter>Item\ItemList</Filter>
    </ClInclude>
  </ItemGroup>
  <ItemGroup>
    <Filter Include="Player">
      <UniqueIdentifier>{e4adb727-4f82-4b59-a2be-57aae5647950}</UniqueIdentifier>
    </Filter>
    <Filter Include="Monster">
      <UniqueIdentifier>{a0329203-b96a-488f-9e20-deec5c59f39d}</UniqueIdentifier>
    </Filter>
    <Filter Include="Component">
      <UniqueIdentifier>{89c9ece0-8aa0-42e5-9237-e8b07ded9854}</UniqueIdentifier>
    </Filter>
    <Filter Include="Item">
      <UniqueIdentifier>{d48661ab-bce0-488d-8555-a0dfb32c8984}</UniqueIdentifier>
    </Filter>
    <Filter Include="Struct">
      <UniqueIdentifier>{b9bf039b-1f99-4710-b879-0a1b088b8ba0}</UniqueIdentifier>
    </Filter>
    <Filter Include="Enum">
      <UniqueIdentifier>{47fbe5f7-748d-4137-b0b4-95fbdc63beaf}</UniqueIdentifier>
    </Filter>
    <Filter Include="Item\ItemList">
      <UniqueIdentifier>{be40c2ab-ef25-4aba-bc34-30fc3b515bb1}</UniqueIdentifier>
    </Filter>
  </ItemGroup>
</Project>